{
  "version": 4,
  "terraform_version": "1.5.7",
  "serial": 5,
  "lineage": "15be2829-ec59-a044-8aa8-3c0c51c8b66e",
  "outputs": {
    "all_vms": {
      "value": [
        {
          "ip_external": "158.160.49.125",
          "ip_internal": "10.0.1.30",
          "name": "centos7-1"
        },
        {
          "ip_external": "62.84.118.206",
          "ip_internal": "10.0.1.8",
          "name": "centos7-2"
        }
      ],
      "type": [
        "tuple",
        [
          [
            "object",
            {
              "ip_external": "string",
              "ip_internal": "string",
              "name": "string"
            }
          ],
          [
            "object",
            {
              "ip_external": "string",
              "ip_internal": "string",
              "name": "string"
            }
          ]
        ]
      ]
    }
  },
  "resources": [
    {
      "mode": "data",
      "type": "yandex_compute_image",
      "name": "centos7",
      "provider": "provider[\"registry.terraform.io/yandex-cloud/yandex\"]",
      "instances": [
        {
          "schema_version": 0,
          "attributes": {
            "created_at": "2024-04-15T10:57:37Z",
            "description": "centos 7",
            "family": "centos-7",
            "folder_id": "standard-images",
            "id": "fd81s04tubv7osmuapjf",
            "image_id": "fd81s04tubv7osmuapjf",
            "labels": {},
            "min_disk_size": 10,
            "name": "centos-7-v20240415",
            "os_type": "linux",
            "pooled": true,
            "product_ids": [
              "f2e7l231e5s5arh2gjtq"
            ],
            "size": 2,
            "status": "ready"
          },
          "sensitive_attributes": []
        }
      ]
    },
    {
      "mode": "managed",
      "type": "yandex_compute_instance",
      "name": "centos7",
      "provider": "provider[\"registry.terraform.io/yandex-cloud/yandex\"]",
      "instances": [
        {
          "index_key": 0,
          "schema_version": 1,
          "attributes": {
            "allow_recreate": null,
            "allow_stopping_for_update": null,
            "boot_disk": [
              {
                "auto_delete": true,
                "device_name": "fhmfgfj7fnjs8uhc3sfc",
                "disk_id": "fhmfgfj7fnjs8uhc3sfc",
                "initialize_params": [
                  {
                    "block_size": 4096,
                    "description": "",
                    "image_id": "fd81s04tubv7osmuapjf",
                    "name": "",
                    "size": 20,
                    "snapshot_id": "",
                    "type": "network-hdd"
                  }
                ],
                "mode": "READ_WRITE"
              }
            ],
            "created_at": "2024-04-22T04:17:26Z",
            "description": "",
            "filesystem": [],
            "folder_id": "b1g5ieb5bk4l8le8nmh4",
            "fqdn": "fhm558arc2er53gba9pu.auto.internal",
            "gpu_cluster_id": "",
            "hostname": "",
            "id": "fhm558arc2er53gba9pu",
            "labels": null,
            "local_disk": [],
            "maintenance_grace_period": "",
            "maintenance_policy": null,
            "metadata": {
              "serial-port-enable": "1",
              "ssh-keys": "centos:ssh-rsa AAAAB3NzaC1yc2EAAAADAQABAAABgQCwEXDSWo7Jx2hyNjMKyOLMmlJcPSdR25onrqDJQOUaDTwPDf0UG7U5f2IHJ3e7DzIxYanO8NKyt5bowYOWs+UwY5AU9fWx1lqHHftf/M0KqzmoixAGzX3vo8O5iqPEcMh0Z3TY771IW87kiDpkP+iUHhfL0rL8lApeAs4RqY+QrEhq7hHmzrCuSqokc7FtmKHS5l1dDO14gxxM0nVQOWQjA0szD+XeIt6Fu5D4WTEd2bNo8+9yUrAqQdVyaYRP8ZUwusZptNopC8VogRlsh8mOKMoAL0Xv6gEhh4y7/FEJ65i0dULbJeQyIP60NvDuKEEc2KA06GIhazFNOxwb7JoggAtU/5CE5ad+utKjdPpEzwNNy6U8gG8qYNPsAVyNQ4KfIXznOzQzz4UCPHzEvPbHbobuZ6JrcEmKZvuk7vG17QP/sUQXGQBz4aVqkIoncvFHV1UFNk63FLexFDfVOMSOuEKFOohgAi1Nh9F7RTRmrbA0t13NdF5sAZSoyKIkmSM= aabelyaev@aabelyaev-Redmi-Book-Pro-15-2022\n"
            },
            "metadata_options": [
              {
                "aws_v1_http_endpoint": 1,
                "aws_v1_http_token": 2,
                "gce_http_endpoint": 1,
                "gce_http_token": 1
              }
            ],
            "name": "centos7-1",
            "network_acceleration_type": "standard",
            "network_interface": [
              {
                "dns_record": [],
                "index": 0,
                "ip_address": "10.0.1.30",
                "ipv4": true,
                "ipv6": false,
                "ipv6_address": "",
                "ipv6_dns_record": [],
                "mac_address": "d0:0d:52:a1:5b:60",
                "nat": true,
                "nat_dns_record": [],
                "nat_ip_address": "158.160.49.125",
                "nat_ip_version": "IPV4",
                "security_group_ids": [],
                "subnet_id": "e9bihcc996l5ngnuhlau"
              }
            ],
            "placement_policy": [
              {
                "host_affinity_rules": [],
                "placement_group_id": "",
                "placement_group_partition": 0
              }
            ],
            "platform_id": "standard-v1",
            "resources": [
              {
                "core_fraction": 5,
                "cores": 2,
                "gpus": 0,
                "memory": 4
              }
            ],
            "scheduling_policy": [
              {
                "preemptible": true
              }
            ],
            "secondary_disk": [],
            "service_account_id": "",
            "status": "running",
            "timeouts": null,
            "zone": "ru-central1-a"
          },
          "sensitive_attributes": [],
          "private": "eyJlMmJmYjczMC1lY2FhLTExZTYtOGY4OC0zNDM2M2JjN2M0YzAiOnsiY3JlYXRlIjozMDAwMDAwMDAwMDAsImRlbGV0ZSI6MzAwMDAwMDAwMDAwLCJ1cGRhdGUiOjMwMDAwMDAwMDAwMH0sInNjaGVtYV92ZXJzaW9uIjoiMSJ9",
          "dependencies": [
            "data.yandex_compute_image.centos7",
            "yandex_vpc_network.develop",
            "yandex_vpc_subnet.develop"
          ]
        },
        {
          "index_key": 1,
          "schema_version": 1,
          "attributes": {
            "allow_recreate": null,
            "allow_stopping_for_update": null,
            "boot_disk": [
              {
                "auto_delete": true,
                "device_name": "fhma6deo99df4hkqud1u",
                "disk_id": "fhma6deo99df4hkqud1u",
                "initialize_params": [
                  {
                    "block_size": 4096,
                    "description": "",
                    "image_id": "fd81s04tubv7osmuapjf",
                    "name": "",
                    "size": 20,
                    "snapshot_id": "",
                    "type": "network-hdd"
                  }
                ],
                "mode": "READ_WRITE"
              }
            ],
            "created_at": "2024-04-22T04:17:26Z",
            "description": "",
            "filesystem": [],
            "folder_id": "b1g5ieb5bk4l8le8nmh4",
            "fqdn": "fhmc2evkp0pmncu4a783.auto.internal",
            "gpu_cluster_id": "",
            "hostname": "",
            "id": "fhmc2evkp0pmncu4a783",
            "labels": null,
            "local_disk": [],
            "maintenance_grace_period": "",
            "maintenance_policy": null,
            "metadata": {
              "serial-port-enable": "1",
              "ssh-keys": "centos:ssh-rsa AAAAB3NzaC1yc2EAAAADAQABAAABgQCwEXDSWo7Jx2hyNjMKyOLMmlJcPSdR25onrqDJQOUaDTwPDf0UG7U5f2IHJ3e7DzIxYanO8NKyt5bowYOWs+UwY5AU9fWx1lqHHftf/M0KqzmoixAGzX3vo8O5iqPEcMh0Z3TY771IW87kiDpkP+iUHhfL0rL8lApeAs4RqY+QrEhq7hHmzrCuSqokc7FtmKHS5l1dDO14gxxM0nVQOWQjA0szD+XeIt6Fu5D4WTEd2bNo8+9yUrAqQdVyaYRP8ZUwusZptNopC8VogRlsh8mOKMoAL0Xv6gEhh4y7/FEJ65i0dULbJeQyIP60NvDuKEEc2KA06GIhazFNOxwb7JoggAtU/5CE5ad+utKjdPpEzwNNy6U8gG8qYNPsAVyNQ4KfIXznOzQzz4UCPHzEvPbHbobuZ6JrcEmKZvuk7vG17QP/sUQXGQBz4aVqkIoncvFHV1UFNk63FLexFDfVOMSOuEKFOohgAi1Nh9F7RTRmrbA0t13NdF5sAZSoyKIkmSM= aabelyaev@aabelyaev-Redmi-Book-Pro-15-2022\n"
            },
            "metadata_options": [
              {
                "aws_v1_http_endpoint": 1,
                "aws_v1_http_token": 2,
                "gce_http_endpoint": 1,
                "gce_http_token": 1
              }
            ],
            "name": "centos7-2",
            "network_acceleration_type": "standard",
            "network_interface": [
              {
                "dns_record": [],
                "index": 0,
                "ip_address": "10.0.1.8",
                "ipv4": true,
                "ipv6": false,
                "ipv6_address": "",
                "ipv6_dns_record": [],
                "mac_address": "d0:0d:c1:3b:f4:c8",
                "nat": true,
                "nat_dns_record": [],
                "nat_ip_address": "62.84.118.206",
                "nat_ip_version": "IPV4",
                "security_group_ids": [],
                "subnet_id": "e9bihcc996l5ngnuhlau"
              }
            ],
            "placement_policy": [
              {
                "host_affinity_rules": [],
                "placement_group_id": "",
                "placement_group_partition": 0
              }
            ],
            "platform_id": "standard-v1",
            "resources": [
              {
                "core_fraction": 5,
                "cores": 2,
                "gpus": 0,
                "memory": 4
              }
            ],
            "scheduling_policy": [
              {
                "preemptible": true
              }
            ],
            "secondary_disk": [],
            "service_account_id": "",
            "status": "running",
            "timeouts": null,
            "zone": "ru-central1-a"
          },
          "sensitive_attributes": [],
          "private": "eyJlMmJmYjczMC1lY2FhLTExZTYtOGY4OC0zNDM2M2JjN2M0YzAiOnsiY3JlYXRlIjozMDAwMDAwMDAwMDAsImRlbGV0ZSI6MzAwMDAwMDAwMDAwLCJ1cGRhdGUiOjMwMDAwMDAwMDAwMH0sInNjaGVtYV92ZXJzaW9uIjoiMSJ9",
          "dependencies": [
            "data.yandex_compute_image.centos7",
            "yandex_vpc_network.develop",
            "yandex_vpc_subnet.develop"
          ]
        }
      ]
    },
    {
      "mode": "managed",
      "type": "yandex_vpc_network",
      "name": "develop",
      "provider": "provider[\"registry.terraform.io/yandex-cloud/yandex\"]",
      "instances": [
        {
          "schema_version": 0,
          "attributes": {
            "created_at": "2024-04-22T04:17:23Z",
            "default_security_group_id": "enpi3povtl7bgmdlllo2",
            "description": "",
            "folder_id": "b1g5ieb5bk4l8le8nmh4",
            "id": "enp5oaeren4gd8h694tn",
            "labels": {},
            "name": "develop",
            "subnet_ids": [],
            "timeouts": null
          },
          "sensitive_attributes": [],
          "private": "eyJlMmJmYjczMC1lY2FhLTExZTYtOGY4OC0zNDM2M2JjN2M0YzAiOnsiY3JlYXRlIjo2MDAwMDAwMDAwMCwiZGVsZXRlIjo2MDAwMDAwMDAwMCwidXBkYXRlIjo2MDAwMDAwMDAwMH19"
        }
      ]
    },
    {
      "mode": "managed",
      "type": "yandex_vpc_subnet",
      "name": "develop",
      "provider": "provider[\"registry.terraform.io/yandex-cloud/yandex\"]",
      "instances": [
        {
          "schema_version": 0,
          "attributes": {
            "created_at": "2024-04-22T04:17:25Z",
            "description": "",
            "dhcp_options": [],
            "folder_id": "b1g5ieb5bk4l8le8nmh4",
            "id": "e9bihcc996l5ngnuhlau",
            "labels": {},
            "name": "develop",
            "network_id": "enp5oaeren4gd8h694tn",
            "route_table_id": "",
            "timeouts": null,
            "v4_cidr_blocks": [
              "10.0.1.0/24"
            ],
            "v6_cidr_blocks": [],
            "zone": "ru-central1-a"
          },
          "sensitive_attributes": [],
          "private": "eyJlMmJmYjczMC1lY2FhLTExZTYtOGY4OC0zNDM2M2JjN2M0YzAiOnsiY3JlYXRlIjoxODAwMDAwMDAwMDAsImRlbGV0ZSI6MTgwMDAwMDAwMDAwLCJ1cGRhdGUiOjE4MDAwMDAwMDAwMH19",
          "dependencies": [
            "yandex_vpc_network.develop"
          ]
        }
      ]
    }
  ],
  "check_results": null
}
