{
  "version": 4,
  "terraform_version": "1.5.7",
  "serial": 5,
  "lineage": "b4115947-35ec-2eed-a2c5-0fe6090f242c",
  "outputs": {
    "all_vms": {
      "value": [
        {
          "ip_external": "51.250.5.76",
          "ip_internal": "10.0.1.13",
          "name": "jenkins-master"
        },
        {
          "ip_external": "89.169.138.99",
          "ip_internal": "10.0.1.30",
          "name": "jenkins-agent"
        }
      ],
      "type": [
        "tuple",
        [
          [
            "object",
            {
              "ip_external": "string",
              "ip_internal": "string",
              "name": "string"
            }
          ],
          [
            "object",
            {
              "ip_external": "string",
              "ip_internal": "string",
              "name": "string"
            }
          ]
        ]
      ]
    }
  },
  "resources": [
    {
      "mode": "data",
      "type": "yandex_compute_image",
      "name": "centos7",
      "provider": "provider[\"registry.terraform.io/yandex-cloud/yandex\"]",
      "instances": [
        {
          "schema_version": 0,
          "attributes": {
            "created_at": "2024-07-22T10:59:53Z",
            "description": "centos 7",
            "family": "centos-7",
            "folder_id": "standard-images",
            "id": "fd8ni30g6brvqikdfaev",
            "image_id": "fd8ni30g6brvqikdfaev",
            "labels": {},
            "min_disk_size": 10,
            "name": "centos-7-v20240722",
            "os_type": "linux",
            "pooled": true,
            "product_ids": [
              "f2ecbqelb2qpduc3shoq"
            ],
            "size": 2,
            "status": "ready"
          },
          "sensitive_attributes": []
        }
      ]
    },
    {
      "mode": "managed",
      "type": "yandex_compute_instance",
      "name": "centos7",
      "provider": "provider[\"registry.terraform.io/yandex-cloud/yandex\"]",
      "instances": [
        {
          "index_key": 0,
          "schema_version": 1,
          "attributes": {
            "allow_recreate": null,
            "allow_stopping_for_update": null,
            "boot_disk": [
              {
                "auto_delete": true,
                "device_name": "fhm3uru276olk6ao2ulb",
                "disk_id": "fhm3uru276olk6ao2ulb",
                "initialize_params": [
                  {
                    "block_size": 4096,
                    "description": "",
                    "image_id": "fd8ni30g6brvqikdfaev",
                    "name": "",
                    "size": 20,
                    "snapshot_id": "",
                    "type": "network-hdd"
                  }
                ],
                "mode": "READ_WRITE"
              }
            ],
            "created_at": "2024-07-26T06:31:43Z",
            "description": "",
            "filesystem": [],
            "folder_id": "b1g5ieb5bk4l8le8nmh4",
            "fqdn": "fhm4bdpeldt1039vfpvd.auto.internal",
            "gpu_cluster_id": "",
            "hostname": "",
            "id": "fhm4bdpeldt1039vfpvd",
            "labels": null,
            "local_disk": [],
            "maintenance_grace_period": "",
            "maintenance_policy": null,
            "metadata": {
              "serial-port-enable": "1",
              "ssh-keys": "centos:ssh-rsa AAAAB3NzaC1yc2EAAAADAQABAAABgQCwEXDSWo7Jx2hyNjMKyOLMmlJcPSdR25onrqDJQOUaDTwPDf0UG7U5f2IHJ3e7DzIxYanO8NKyt5bowYOWs+UwY5AU9fWx1lqHHftf/M0KqzmoixAGzX3vo8O5iqPEcMh0Z3TY771IW87kiDpkP+iUHhfL0rL8lApeAs4RqY+QrEhq7hHmzrCuSqokc7FtmKHS5l1dDO14gxxM0nVQOWQjA0szD+XeIt6Fu5D4WTEd2bNo8+9yUrAqQdVyaYRP8ZUwusZptNopC8VogRlsh8mOKMoAL0Xv6gEhh4y7/FEJ65i0dULbJeQyIP60NvDuKEEc2KA06GIhazFNOxwb7JoggAtU/5CE5ad+utKjdPpEzwNNy6U8gG8qYNPsAVyNQ4KfIXznOzQzz4UCPHzEvPbHbobuZ6JrcEmKZvuk7vG17QP/sUQXGQBz4aVqkIoncvFHV1UFNk63FLexFDfVOMSOuEKFOohgAi1Nh9F7RTRmrbA0t13NdF5sAZSoyKIkmSM= aabelyaev@aabelyaev-Redmi-Book-Pro-15-2022\n"
            },
            "metadata_options": [
              {
                "aws_v1_http_endpoint": 1,
                "aws_v1_http_token": 2,
                "gce_http_endpoint": 1,
                "gce_http_token": 1
              }
            ],
            "name": "jenkins-master",
            "network_acceleration_type": "standard",
            "network_interface": [
              {
                "dns_record": [],
                "index": 0,
                "ip_address": "10.0.1.13",
                "ipv4": true,
                "ipv6": false,
                "ipv6_address": "",
                "ipv6_dns_record": [],
                "mac_address": "d0:0d:45:b7:2e:ab",
                "nat": true,
                "nat_dns_record": [],
                "nat_ip_address": "51.250.5.76",
                "nat_ip_version": "IPV4",
                "security_group_ids": [],
                "subnet_id": "e9blej6rrrh18d9fu6pf"
              }
            ],
            "placement_policy": [
              {
                "host_affinity_rules": [],
                "placement_group_id": "",
                "placement_group_partition": 0
              }
            ],
            "platform_id": "standard-v1",
            "resources": [
              {
                "core_fraction": 5,
                "cores": 2,
                "gpus": 0,
                "memory": 4
              }
            ],
            "scheduling_policy": [
              {
                "preemptible": true
              }
            ],
            "secondary_disk": [],
            "service_account_id": "",
            "status": "running",
            "timeouts": null,
            "zone": "ru-central1-a"
          },
          "sensitive_attributes": [],
          "private": "eyJlMmJmYjczMC1lY2FhLTExZTYtOGY4OC0zNDM2M2JjN2M0YzAiOnsiY3JlYXRlIjozMDAwMDAwMDAwMDAsImRlbGV0ZSI6MzAwMDAwMDAwMDAwLCJ1cGRhdGUiOjMwMDAwMDAwMDAwMH0sInNjaGVtYV92ZXJzaW9uIjoiMSJ9",
          "dependencies": [
            "data.yandex_compute_image.centos7",
            "yandex_vpc_network.develop",
            "yandex_vpc_subnet.develop"
          ]
        },
        {
          "index_key": 1,
          "schema_version": 1,
          "attributes": {
            "allow_recreate": null,
            "allow_stopping_for_update": null,
            "boot_disk": [
              {
                "auto_delete": true,
                "device_name": "fhm6d3faajf8ptb9mkcl",
                "disk_id": "fhm6d3faajf8ptb9mkcl",
                "initialize_params": [
                  {
                    "block_size": 4096,
                    "description": "",
                    "image_id": "fd8ni30g6brvqikdfaev",
                    "name": "",
                    "size": 20,
                    "snapshot_id": "",
                    "type": "network-hdd"
                  }
                ],
                "mode": "READ_WRITE"
              }
            ],
            "created_at": "2024-07-26T06:31:43Z",
            "description": "",
            "filesystem": [],
            "folder_id": "b1g5ieb5bk4l8le8nmh4",
            "fqdn": "fhmpviroqerq4kqs8hav.auto.internal",
            "gpu_cluster_id": "",
            "hostname": "",
            "id": "fhmpviroqerq4kqs8hav",
            "labels": null,
            "local_disk": [],
            "maintenance_grace_period": "",
            "maintenance_policy": null,
            "metadata": {
              "serial-port-enable": "1",
              "ssh-keys": "centos:ssh-rsa AAAAB3NzaC1yc2EAAAADAQABAAABgQCwEXDSWo7Jx2hyNjMKyOLMmlJcPSdR25onrqDJQOUaDTwPDf0UG7U5f2IHJ3e7DzIxYanO8NKyt5bowYOWs+UwY5AU9fWx1lqHHftf/M0KqzmoixAGzX3vo8O5iqPEcMh0Z3TY771IW87kiDpkP+iUHhfL0rL8lApeAs4RqY+QrEhq7hHmzrCuSqokc7FtmKHS5l1dDO14gxxM0nVQOWQjA0szD+XeIt6Fu5D4WTEd2bNo8+9yUrAqQdVyaYRP8ZUwusZptNopC8VogRlsh8mOKMoAL0Xv6gEhh4y7/FEJ65i0dULbJeQyIP60NvDuKEEc2KA06GIhazFNOxwb7JoggAtU/5CE5ad+utKjdPpEzwNNy6U8gG8qYNPsAVyNQ4KfIXznOzQzz4UCPHzEvPbHbobuZ6JrcEmKZvuk7vG17QP/sUQXGQBz4aVqkIoncvFHV1UFNk63FLexFDfVOMSOuEKFOohgAi1Nh9F7RTRmrbA0t13NdF5sAZSoyKIkmSM= aabelyaev@aabelyaev-Redmi-Book-Pro-15-2022\n"
            },
            "metadata_options": [
              {
                "aws_v1_http_endpoint": 1,
                "aws_v1_http_token": 2,
                "gce_http_endpoint": 1,
                "gce_http_token": 1
              }
            ],
            "name": "jenkins-agent",
            "network_acceleration_type": "standard",
            "network_interface": [
              {
                "dns_record": [],
                "index": 0,
                "ip_address": "10.0.1.30",
                "ipv4": true,
                "ipv6": false,
                "ipv6_address": "",
                "ipv6_dns_record": [],
                "mac_address": "d0:0d:19:fc:b7:8d",
                "nat": true,
                "nat_dns_record": [],
                "nat_ip_address": "89.169.138.99",
                "nat_ip_version": "IPV4",
                "security_group_ids": [],
                "subnet_id": "e9blej6rrrh18d9fu6pf"
              }
            ],
            "placement_policy": [
              {
                "host_affinity_rules": [],
                "placement_group_id": "",
                "placement_group_partition": 0
              }
            ],
            "platform_id": "standard-v1",
            "resources": [
              {
                "core_fraction": 5,
                "cores": 2,
                "gpus": 0,
                "memory": 4
              }
            ],
            "scheduling_policy": [
              {
                "preemptible": true
              }
            ],
            "secondary_disk": [],
            "service_account_id": "",
            "status": "running",
            "timeouts": null,
            "zone": "ru-central1-a"
          },
          "sensitive_attributes": [],
          "private": "eyJlMmJmYjczMC1lY2FhLTExZTYtOGY4OC0zNDM2M2JjN2M0YzAiOnsiY3JlYXRlIjozMDAwMDAwMDAwMDAsImRlbGV0ZSI6MzAwMDAwMDAwMDAwLCJ1cGRhdGUiOjMwMDAwMDAwMDAwMH0sInNjaGVtYV92ZXJzaW9uIjoiMSJ9",
          "dependencies": [
            "data.yandex_compute_image.centos7",
            "yandex_vpc_network.develop",
            "yandex_vpc_subnet.develop"
          ]
        }
      ]
    },
    {
      "mode": "managed",
      "type": "yandex_vpc_network",
      "name": "develop",
      "provider": "provider[\"registry.terraform.io/yandex-cloud/yandex\"]",
      "instances": [
        {
          "schema_version": 0,
          "attributes": {
            "created_at": "2024-07-26T06:31:39Z",
            "default_security_group_id": "enp6g09to2cbmebaah89",
            "description": "",
            "folder_id": "b1g5ieb5bk4l8le8nmh4",
            "id": "enpjj4sfs3ppq403sf03",
            "labels": {},
            "name": "develop",
            "subnet_ids": [],
            "timeouts": null
          },
          "sensitive_attributes": [],
          "private": "eyJlMmJmYjczMC1lY2FhLTExZTYtOGY4OC0zNDM2M2JjN2M0YzAiOnsiY3JlYXRlIjo2MDAwMDAwMDAwMCwiZGVsZXRlIjo2MDAwMDAwMDAwMCwidXBkYXRlIjo2MDAwMDAwMDAwMH19"
        }
      ]
    },
    {
      "mode": "managed",
      "type": "yandex_vpc_subnet",
      "name": "develop",
      "provider": "provider[\"registry.terraform.io/yandex-cloud/yandex\"]",
      "instances": [
        {
          "schema_version": 0,
          "attributes": {
            "created_at": "2024-07-26T06:31:42Z",
            "description": "",
            "dhcp_options": [],
            "folder_id": "b1g5ieb5bk4l8le8nmh4",
            "id": "e9blej6rrrh18d9fu6pf",
            "labels": {},
            "name": "develop",
            "network_id": "enpjj4sfs3ppq403sf03",
            "route_table_id": "",
            "timeouts": null,
            "v4_cidr_blocks": [
              "10.0.1.0/24"
            ],
            "v6_cidr_blocks": [],
            "zone": "ru-central1-a"
          },
          "sensitive_attributes": [],
          "private": "eyJlMmJmYjczMC1lY2FhLTExZTYtOGY4OC0zNDM2M2JjN2M0YzAiOnsiY3JlYXRlIjoxODAwMDAwMDAwMDAsImRlbGV0ZSI6MTgwMDAwMDAwMDAwLCJ1cGRhdGUiOjE4MDAwMDAwMDAwMH19",
          "dependencies": [
            "yandex_vpc_network.develop"
          ]
        }
      ]
    }
  ],
  "check_results": null
}
