{
  "version": 4,
  "terraform_version": "1.5.7",
  "serial": 5,
  "lineage": "4833d74c-9cb1-a2a8-9b29-57d71d98d9dc",
  "outputs": {
    "all_vms": {
      "value": [
        {
          "ip_external": "89.169.129.182",
          "ip_internal": "10.0.1.13",
          "name": "jenkins-master"
        },
        {
          "ip_external": "89.169.137.18",
          "ip_internal": "10.0.1.32",
          "name": "jenkins-agent"
        }
      ],
      "type": [
        "tuple",
        [
          [
            "object",
            {
              "ip_external": "string",
              "ip_internal": "string",
              "name": "string"
            }
          ],
          [
            "object",
            {
              "ip_external": "string",
              "ip_internal": "string",
              "name": "string"
            }
          ]
        ]
      ]
    }
  },
  "resources": [
    {
      "mode": "data",
      "type": "yandex_compute_image",
      "name": "centos7",
      "provider": "provider[\"registry.terraform.io/yandex-cloud/yandex\"]",
      "instances": [
        {
          "schema_version": 0,
          "attributes": {
            "created_at": "2024-07-29T10:59:49Z",
            "description": "centos 7",
            "family": "centos-7",
            "folder_id": "standard-images",
            "id": "fd8h0vljj89bd3srsi49",
            "image_id": "fd8h0vljj89bd3srsi49",
            "labels": {},
            "min_disk_size": 10,
            "name": "centos-7-v20240729",
            "os_type": "linux",
            "pooled": true,
            "product_ids": [
              "f2e5ond64bdes43jrtdj"
            ],
            "size": 2,
            "status": "ready"
          },
          "sensitive_attributes": []
        }
      ]
    },
    {
      "mode": "managed",
      "type": "yandex_compute_instance",
      "name": "centos7",
      "provider": "provider[\"registry.terraform.io/yandex-cloud/yandex\"]",
      "instances": [
        {
          "index_key": 0,
          "schema_version": 1,
          "attributes": {
            "allow_recreate": null,
            "allow_stopping_for_update": null,
            "boot_disk": [
              {
                "auto_delete": true,
                "device_name": "fhmpkruccm1gt0nsldl7",
                "disk_id": "fhmpkruccm1gt0nsldl7",
                "initialize_params": [
                  {
                    "block_size": 4096,
                    "description": "",
                    "image_id": "fd8h0vljj89bd3srsi49",
                    "name": "",
                    "size": 20,
                    "snapshot_id": "",
                    "type": "network-hdd"
                  }
                ],
                "mode": "READ_WRITE"
              }
            ],
            "created_at": "2024-07-31T07:21:03Z",
            "description": "",
            "filesystem": [],
            "folder_id": "b1g5ieb5bk4l8le8nmh4",
            "fqdn": "fhmqrra71581n9va02if.auto.internal",
            "gpu_cluster_id": "",
            "hostname": "",
            "id": "fhmqrra71581n9va02if",
            "labels": null,
            "local_disk": [],
            "maintenance_grace_period": "",
            "maintenance_policy": null,
            "metadata": {
              "serial-port-enable": "1",
              "ssh-keys": "centos:ssh-rsa AAAAB3NzaC1yc2EAAAADAQABAAABgQC2ri0DFr5GWEtVqgtu+roLkKMh/k9RCy9teaAOi7aEXkIIF9iwSd6nxIO0lEGcbC/5oiHtGQjiBMydNxldYDWJmK6BEnUP5u86k0uUtLsZW4C3fgdmFJzlNqH0R2EqY1MoP3JZl/AjOCHCkwqPV+PCtTfhPhjYzHsq2w+ncTfakqQHtq+g5FnZd5zR95a+WeUamHDbXwYDmOQ7re6xi1EPy3c6Ii34YaxKFRuA4qEjCihLUEjD1qf/8wv7wHL9r0+73BB9h7fBp+oPiRQtSxSHyXJ5KLmeUPAanPNn08kZfax7mEJpa0mxv+VLrJmpU6TKN4n2MhjLVeyGbht5g5M2VOVGNr/ciFx9TNJBrwzDgp/BaOgLRZb1jZiEyiH6706a9Hef6V9JDDVoommpOwFA3pR9ZLJmif08No/WgUm55MpvmS/fs8LjjGgskTwLpYTz9mE4xZ4ZunOOycnZRXtg8XpsgijeLCkQUjI6Xh9MkH7cH+bDn5duIUEvIcq758M= alex@MacStudio-Belyaev.local"
            },
            "metadata_options": [
              {
                "aws_v1_http_endpoint": 1,
                "aws_v1_http_token": 2,
                "gce_http_endpoint": 1,
                "gce_http_token": 1
              }
            ],
            "name": "jenkins-master",
            "network_acceleration_type": "standard",
            "network_interface": [
              {
                "dns_record": [],
                "index": 0,
                "ip_address": "10.0.1.13",
                "ipv4": true,
                "ipv6": false,
                "ipv6_address": "",
                "ipv6_dns_record": [],
                "mac_address": "d0:0d:1a:de:d4:70",
                "nat": true,
                "nat_dns_record": [],
                "nat_ip_address": "89.169.129.182",
                "nat_ip_version": "IPV4",
                "security_group_ids": [],
                "subnet_id": "e9b96p7bl9q4bvf03pa7"
              }
            ],
            "placement_policy": [
              {
                "host_affinity_rules": [],
                "placement_group_id": "",
                "placement_group_partition": 0
              }
            ],
            "platform_id": "standard-v1",
            "resources": [
              {
                "core_fraction": 5,
                "cores": 2,
                "gpus": 0,
                "memory": 4
              }
            ],
            "scheduling_policy": [
              {
                "preemptible": true
              }
            ],
            "secondary_disk": [],
            "service_account_id": "",
            "status": "running",
            "timeouts": null,
            "zone": "ru-central1-a"
          },
          "sensitive_attributes": [],
          "private": "eyJlMmJmYjczMC1lY2FhLTExZTYtOGY4OC0zNDM2M2JjN2M0YzAiOnsiY3JlYXRlIjozMDAwMDAwMDAwMDAsImRlbGV0ZSI6MzAwMDAwMDAwMDAwLCJ1cGRhdGUiOjMwMDAwMDAwMDAwMH0sInNjaGVtYV92ZXJzaW9uIjoiMSJ9",
          "dependencies": [
            "data.yandex_compute_image.centos7",
            "yandex_vpc_network.develop",
            "yandex_vpc_subnet.develop"
          ]
        },
        {
          "index_key": 1,
          "schema_version": 1,
          "attributes": {
            "allow_recreate": null,
            "allow_stopping_for_update": null,
            "boot_disk": [
              {
                "auto_delete": true,
                "device_name": "fhmoeogvrolk62etqhmb",
                "disk_id": "fhmoeogvrolk62etqhmb",
                "initialize_params": [
                  {
                    "block_size": 4096,
                    "description": "",
                    "image_id": "fd8h0vljj89bd3srsi49",
                    "name": "",
                    "size": 20,
                    "snapshot_id": "",
                    "type": "network-hdd"
                  }
                ],
                "mode": "READ_WRITE"
              }
            ],
            "created_at": "2024-07-31T07:21:03Z",
            "description": "",
            "filesystem": [],
            "folder_id": "b1g5ieb5bk4l8le8nmh4",
            "fqdn": "fhmi354lbobjmjngk837.auto.internal",
            "gpu_cluster_id": "",
            "hostname": "",
            "id": "fhmi354lbobjmjngk837",
            "labels": null,
            "local_disk": [],
            "maintenance_grace_period": "",
            "maintenance_policy": null,
            "metadata": {
              "serial-port-enable": "1",
              "ssh-keys": "centos:ssh-rsa AAAAB3NzaC1yc2EAAAADAQABAAABgQC2ri0DFr5GWEtVqgtu+roLkKMh/k9RCy9teaAOi7aEXkIIF9iwSd6nxIO0lEGcbC/5oiHtGQjiBMydNxldYDWJmK6BEnUP5u86k0uUtLsZW4C3fgdmFJzlNqH0R2EqY1MoP3JZl/AjOCHCkwqPV+PCtTfhPhjYzHsq2w+ncTfakqQHtq+g5FnZd5zR95a+WeUamHDbXwYDmOQ7re6xi1EPy3c6Ii34YaxKFRuA4qEjCihLUEjD1qf/8wv7wHL9r0+73BB9h7fBp+oPiRQtSxSHyXJ5KLmeUPAanPNn08kZfax7mEJpa0mxv+VLrJmpU6TKN4n2MhjLVeyGbht5g5M2VOVGNr/ciFx9TNJBrwzDgp/BaOgLRZb1jZiEyiH6706a9Hef6V9JDDVoommpOwFA3pR9ZLJmif08No/WgUm55MpvmS/fs8LjjGgskTwLpYTz9mE4xZ4ZunOOycnZRXtg8XpsgijeLCkQUjI6Xh9MkH7cH+bDn5duIUEvIcq758M= alex@MacStudio-Belyaev.local"
            },
            "metadata_options": [
              {
                "aws_v1_http_endpoint": 1,
                "aws_v1_http_token": 2,
                "gce_http_endpoint": 1,
                "gce_http_token": 1
              }
            ],
            "name": "jenkins-agent",
            "network_acceleration_type": "standard",
            "network_interface": [
              {
                "dns_record": [],
                "index": 0,
                "ip_address": "10.0.1.32",
                "ipv4": true,
                "ipv6": false,
                "ipv6_address": "",
                "ipv6_dns_record": [],
                "mac_address": "d0:0d:12:19:49:55",
                "nat": true,
                "nat_dns_record": [],
                "nat_ip_address": "89.169.137.18",
                "nat_ip_version": "IPV4",
                "security_group_ids": [],
                "subnet_id": "e9b96p7bl9q4bvf03pa7"
              }
            ],
            "placement_policy": [
              {
                "host_affinity_rules": [],
                "placement_group_id": "",
                "placement_group_partition": 0
              }
            ],
            "platform_id": "standard-v1",
            "resources": [
              {
                "core_fraction": 5,
                "cores": 2,
                "gpus": 0,
                "memory": 4
              }
            ],
            "scheduling_policy": [
              {
                "preemptible": true
              }
            ],
            "secondary_disk": [],
            "service_account_id": "",
            "status": "running",
            "timeouts": null,
            "zone": "ru-central1-a"
          },
          "sensitive_attributes": [],
          "private": "eyJlMmJmYjczMC1lY2FhLTExZTYtOGY4OC0zNDM2M2JjN2M0YzAiOnsiY3JlYXRlIjozMDAwMDAwMDAwMDAsImRlbGV0ZSI6MzAwMDAwMDAwMDAwLCJ1cGRhdGUiOjMwMDAwMDAwMDAwMH0sInNjaGVtYV92ZXJzaW9uIjoiMSJ9",
          "dependencies": [
            "data.yandex_compute_image.centos7",
            "yandex_vpc_network.develop",
            "yandex_vpc_subnet.develop"
          ]
        }
      ]
    },
    {
      "mode": "managed",
      "type": "yandex_vpc_network",
      "name": "develop",
      "provider": "provider[\"registry.terraform.io/yandex-cloud/yandex\"]",
      "instances": [
        {
          "schema_version": 0,
          "attributes": {
            "created_at": "2024-07-31T07:21:00Z",
            "default_security_group_id": "enpl4s3870ge9golctku",
            "description": "",
            "folder_id": "b1g5ieb5bk4l8le8nmh4",
            "id": "enp8mq3l4c912hmung62",
            "labels": {},
            "name": "develop",
            "subnet_ids": [],
            "timeouts": null
          },
          "sensitive_attributes": [],
          "private": "eyJlMmJmYjczMC1lY2FhLTExZTYtOGY4OC0zNDM2M2JjN2M0YzAiOnsiY3JlYXRlIjo2MDAwMDAwMDAwMCwiZGVsZXRlIjo2MDAwMDAwMDAwMCwidXBkYXRlIjo2MDAwMDAwMDAwMH19"
        }
      ]
    },
    {
      "mode": "managed",
      "type": "yandex_vpc_subnet",
      "name": "develop",
      "provider": "provider[\"registry.terraform.io/yandex-cloud/yandex\"]",
      "instances": [
        {
          "schema_version": 0,
          "attributes": {
            "created_at": "2024-07-31T07:21:02Z",
            "description": "",
            "dhcp_options": [],
            "folder_id": "b1g5ieb5bk4l8le8nmh4",
            "id": "e9b96p7bl9q4bvf03pa7",
            "labels": {},
            "name": "develop",
            "network_id": "enp8mq3l4c912hmung62",
            "route_table_id": "",
            "timeouts": null,
            "v4_cidr_blocks": [
              "10.0.1.0/24"
            ],
            "v6_cidr_blocks": [],
            "zone": "ru-central1-a"
          },
          "sensitive_attributes": [],
          "private": "eyJlMmJmYjczMC1lY2FhLTExZTYtOGY4OC0zNDM2M2JjN2M0YzAiOnsiY3JlYXRlIjoxODAwMDAwMDAwMDAsImRlbGV0ZSI6MTgwMDAwMDAwMDAwLCJ1cGRhdGUiOjE4MDAwMDAwMDAwMH19",
          "dependencies": [
            "yandex_vpc_network.develop"
          ]
        }
      ]
    }
  ],
  "check_results": null
}
