{
  "version": 4,
  "terraform_version": "1.5.7",
  "serial": 5,
  "lineage": "dde82ace-579a-a833-7bfa-51453ba69752",
  "outputs": {
    "all_vms": {
      "value": [
        {
          "ip_external": "89.169.138.72",
          "ip_internal": "10.0.1.34",
          "name": "jenkins-master"
        },
        {
          "ip_external": "89.169.130.123",
          "ip_internal": "10.0.1.11",
          "name": "jenkins-agent"
        }
      ],
      "type": [
        "tuple",
        [
          [
            "object",
            {
              "ip_external": "string",
              "ip_internal": "string",
              "name": "string"
            }
          ],
          [
            "object",
            {
              "ip_external": "string",
              "ip_internal": "string",
              "name": "string"
            }
          ]
        ]
      ]
    }
  },
  "resources": [
    {
      "mode": "data",
      "type": "yandex_compute_image",
      "name": "centos-stream-8",
      "provider": "provider[\"registry.terraform.io/yandex-cloud/yandex\"]",
      "instances": [
        {
          "schema_version": 0,
          "attributes": {
            "created_at": "2024-05-13T10:57:07Z",
            "description": "centos stream 8",
            "family": "centos-stream-8",
            "folder_id": "standard-images",
            "id": "fd8qfp90a5l0m3d2htrm",
            "image_id": "fd8qfp90a5l0m3d2htrm",
            "labels": {},
            "min_disk_size": 10,
            "name": "centos-stream-8-v20240513",
            "os_type": "linux",
            "pooled": true,
            "product_ids": [
              "f2e0mhe8e5uu85uq14r1"
            ],
            "size": 3,
            "status": "ready"
          },
          "sensitive_attributes": []
        }
      ]
    },
    {
      "mode": "managed",
      "type": "yandex_compute_instance",
      "name": "centos-stream-8",
      "provider": "provider[\"registry.terraform.io/yandex-cloud/yandex\"]",
      "instances": [
        {
          "index_key": 0,
          "schema_version": 1,
          "attributes": {
            "allow_recreate": null,
            "allow_stopping_for_update": null,
            "boot_disk": [
              {
                "auto_delete": true,
                "device_name": "fhmcfg5ebfi51m6fa9sj",
                "disk_id": "fhmcfg5ebfi51m6fa9sj",
                "initialize_params": [
                  {
                    "block_size": 4096,
                    "description": "",
                    "image_id": "fd8qfp90a5l0m3d2htrm",
                    "name": "",
                    "size": 20,
                    "snapshot_id": "",
                    "type": "network-hdd"
                  }
                ],
                "mode": "READ_WRITE"
              }
            ],
            "created_at": "2024-07-31T12:05:09Z",
            "description": "",
            "filesystem": [],
            "folder_id": "b1g5ieb5bk4l8le8nmh4",
            "fqdn": "fhm4p6s6diulcmsinehk.auto.internal",
            "gpu_cluster_id": "",
            "hostname": "",
            "id": "fhm4p6s6diulcmsinehk",
            "labels": null,
            "local_disk": [],
            "maintenance_grace_period": "",
            "maintenance_policy": null,
            "metadata": {
              "serial-port-enable": "1",
              "ssh-keys": "centos:ssh-rsa AAAAB3NzaC1yc2EAAAADAQABAAABgQC2ri0DFr5GWEtVqgtu+roLkKMh/k9RCy9teaAOi7aEXkIIF9iwSd6nxIO0lEGcbC/5oiHtGQjiBMydNxldYDWJmK6BEnUP5u86k0uUtLsZW4C3fgdmFJzlNqH0R2EqY1MoP3JZl/AjOCHCkwqPV+PCtTfhPhjYzHsq2w+ncTfakqQHtq+g5FnZd5zR95a+WeUamHDbXwYDmOQ7re6xi1EPy3c6Ii34YaxKFRuA4qEjCihLUEjD1qf/8wv7wHL9r0+73BB9h7fBp+oPiRQtSxSHyXJ5KLmeUPAanPNn08kZfax7mEJpa0mxv+VLrJmpU6TKN4n2MhjLVeyGbht5g5M2VOVGNr/ciFx9TNJBrwzDgp/BaOgLRZb1jZiEyiH6706a9Hef6V9JDDVoommpOwFA3pR9ZLJmif08No/WgUm55MpvmS/fs8LjjGgskTwLpYTz9mE4xZ4ZunOOycnZRXtg8XpsgijeLCkQUjI6Xh9MkH7cH+bDn5duIUEvIcq758M= alex@MacStudio-Belyaev.local"
            },
            "metadata_options": [
              {
                "aws_v1_http_endpoint": 1,
                "aws_v1_http_token": 2,
                "gce_http_endpoint": 1,
                "gce_http_token": 1
              }
            ],
            "name": "jenkins-master",
            "network_acceleration_type": "standard",
            "network_interface": [
              {
                "dns_record": [],
                "index": 0,
                "ip_address": "10.0.1.34",
                "ipv4": true,
                "ipv6": false,
                "ipv6_address": "",
                "ipv6_dns_record": [],
                "mac_address": "d0:0d:4c:9b:86:6c",
                "nat": true,
                "nat_dns_record": [],
                "nat_ip_address": "89.169.138.72",
                "nat_ip_version": "IPV4",
                "security_group_ids": [],
                "subnet_id": "e9ba0qtds7ij3v7djjfm"
              }
            ],
            "placement_policy": [
              {
                "host_affinity_rules": [],
                "placement_group_id": "",
                "placement_group_partition": 0
              }
            ],
            "platform_id": "standard-v1",
            "resources": [
              {
                "core_fraction": 5,
                "cores": 2,
                "gpus": 0,
                "memory": 4
              }
            ],
            "scheduling_policy": [
              {
                "preemptible": true
              }
            ],
            "secondary_disk": [],
            "service_account_id": "",
            "status": "running",
            "timeouts": null,
            "zone": "ru-central1-a"
          },
          "sensitive_attributes": [],
          "private": "eyJlMmJmYjczMC1lY2FhLTExZTYtOGY4OC0zNDM2M2JjN2M0YzAiOnsiY3JlYXRlIjozMDAwMDAwMDAwMDAsImRlbGV0ZSI6MzAwMDAwMDAwMDAwLCJ1cGRhdGUiOjMwMDAwMDAwMDAwMH0sInNjaGVtYV92ZXJzaW9uIjoiMSJ9",
          "dependencies": [
            "data.yandex_compute_image.centos-stream-8",
            "yandex_vpc_network.develop",
            "yandex_vpc_subnet.develop"
          ]
        },
        {
          "index_key": 1,
          "schema_version": 1,
          "attributes": {
            "allow_recreate": null,
            "allow_stopping_for_update": null,
            "boot_disk": [
              {
                "auto_delete": true,
                "device_name": "fhmmpqolqanev4vs36p1",
                "disk_id": "fhmmpqolqanev4vs36p1",
                "initialize_params": [
                  {
                    "block_size": 4096,
                    "description": "",
                    "image_id": "fd8qfp90a5l0m3d2htrm",
                    "name": "",
                    "size": 20,
                    "snapshot_id": "",
                    "type": "network-hdd"
                  }
                ],
                "mode": "READ_WRITE"
              }
            ],
            "created_at": "2024-07-31T12:05:10Z",
            "description": "",
            "filesystem": [],
            "folder_id": "b1g5ieb5bk4l8le8nmh4",
            "fqdn": "fhm5avbkcb2h7n6v3vor.auto.internal",
            "gpu_cluster_id": "",
            "hostname": "",
            "id": "fhm5avbkcb2h7n6v3vor",
            "labels": null,
            "local_disk": [],
            "maintenance_grace_period": "",
            "maintenance_policy": null,
            "metadata": {
              "serial-port-enable": "1",
              "ssh-keys": "centos:ssh-rsa AAAAB3NzaC1yc2EAAAADAQABAAABgQC2ri0DFr5GWEtVqgtu+roLkKMh/k9RCy9teaAOi7aEXkIIF9iwSd6nxIO0lEGcbC/5oiHtGQjiBMydNxldYDWJmK6BEnUP5u86k0uUtLsZW4C3fgdmFJzlNqH0R2EqY1MoP3JZl/AjOCHCkwqPV+PCtTfhPhjYzHsq2w+ncTfakqQHtq+g5FnZd5zR95a+WeUamHDbXwYDmOQ7re6xi1EPy3c6Ii34YaxKFRuA4qEjCihLUEjD1qf/8wv7wHL9r0+73BB9h7fBp+oPiRQtSxSHyXJ5KLmeUPAanPNn08kZfax7mEJpa0mxv+VLrJmpU6TKN4n2MhjLVeyGbht5g5M2VOVGNr/ciFx9TNJBrwzDgp/BaOgLRZb1jZiEyiH6706a9Hef6V9JDDVoommpOwFA3pR9ZLJmif08No/WgUm55MpvmS/fs8LjjGgskTwLpYTz9mE4xZ4ZunOOycnZRXtg8XpsgijeLCkQUjI6Xh9MkH7cH+bDn5duIUEvIcq758M= alex@MacStudio-Belyaev.local"
            },
            "metadata_options": [
              {
                "aws_v1_http_endpoint": 1,
                "aws_v1_http_token": 2,
                "gce_http_endpoint": 1,
                "gce_http_token": 1
              }
            ],
            "name": "jenkins-agent",
            "network_acceleration_type": "standard",
            "network_interface": [
              {
                "dns_record": [],
                "index": 0,
                "ip_address": "10.0.1.11",
                "ipv4": true,
                "ipv6": false,
                "ipv6_address": "",
                "ipv6_dns_record": [],
                "mac_address": "d0:0d:55:7d:74:62",
                "nat": true,
                "nat_dns_record": [],
                "nat_ip_address": "89.169.130.123",
                "nat_ip_version": "IPV4",
                "security_group_ids": [],
                "subnet_id": "e9ba0qtds7ij3v7djjfm"
              }
            ],
            "placement_policy": [
              {
                "host_affinity_rules": [],
                "placement_group_id": "",
                "placement_group_partition": 0
              }
            ],
            "platform_id": "standard-v1",
            "resources": [
              {
                "core_fraction": 5,
                "cores": 2,
                "gpus": 0,
                "memory": 4
              }
            ],
            "scheduling_policy": [
              {
                "preemptible": true
              }
            ],
            "secondary_disk": [],
            "service_account_id": "",
            "status": "running",
            "timeouts": null,
            "zone": "ru-central1-a"
          },
          "sensitive_attributes": [],
          "private": "eyJlMmJmYjczMC1lY2FhLTExZTYtOGY4OC0zNDM2M2JjN2M0YzAiOnsiY3JlYXRlIjozMDAwMDAwMDAwMDAsImRlbGV0ZSI6MzAwMDAwMDAwMDAwLCJ1cGRhdGUiOjMwMDAwMDAwMDAwMH0sInNjaGVtYV92ZXJzaW9uIjoiMSJ9",
          "dependencies": [
            "data.yandex_compute_image.centos-stream-8",
            "yandex_vpc_network.develop",
            "yandex_vpc_subnet.develop"
          ]
        }
      ]
    },
    {
      "mode": "managed",
      "type": "yandex_vpc_network",
      "name": "develop",
      "provider": "provider[\"registry.terraform.io/yandex-cloud/yandex\"]",
      "instances": [
        {
          "schema_version": 0,
          "attributes": {
            "created_at": "2024-07-31T12:05:05Z",
            "default_security_group_id": "enpjal24lh9kejhkv0e7",
            "description": "",
            "folder_id": "b1g5ieb5bk4l8le8nmh4",
            "id": "enph8hr7j99g9gi4utp2",
            "labels": {},
            "name": "develop",
            "subnet_ids": [],
            "timeouts": null
          },
          "sensitive_attributes": [],
          "private": "eyJlMmJmYjczMC1lY2FhLTExZTYtOGY4OC0zNDM2M2JjN2M0YzAiOnsiY3JlYXRlIjo2MDAwMDAwMDAwMCwiZGVsZXRlIjo2MDAwMDAwMDAwMCwidXBkYXRlIjo2MDAwMDAwMDAwMH19"
        }
      ]
    },
    {
      "mode": "managed",
      "type": "yandex_vpc_subnet",
      "name": "develop",
      "provider": "provider[\"registry.terraform.io/yandex-cloud/yandex\"]",
      "instances": [
        {
          "schema_version": 0,
          "attributes": {
            "created_at": "2024-07-31T12:05:08Z",
            "description": "",
            "dhcp_options": [],
            "folder_id": "b1g5ieb5bk4l8le8nmh4",
            "id": "e9ba0qtds7ij3v7djjfm",
            "labels": {},
            "name": "develop",
            "network_id": "enph8hr7j99g9gi4utp2",
            "route_table_id": "",
            "timeouts": null,
            "v4_cidr_blocks": [
              "10.0.1.0/24"
            ],
            "v6_cidr_blocks": [],
            "zone": "ru-central1-a"
          },
          "sensitive_attributes": [],
          "private": "eyJlMmJmYjczMC1lY2FhLTExZTYtOGY4OC0zNDM2M2JjN2M0YzAiOnsiY3JlYXRlIjoxODAwMDAwMDAwMDAsImRlbGV0ZSI6MTgwMDAwMDAwMDAwLCJ1cGRhdGUiOjE4MDAwMDAwMDAwMH19",
          "dependencies": [
            "yandex_vpc_network.develop"
          ]
        }
      ]
    }
  ],
  "check_results": null
}
